
Microsoft Visual Studio Solution File, Format Version 12.00
# Visual Studio 15
VisualStudioVersion = 15.0.27428.2011
MinimumVisualStudioVersion = 10.0.40219.1
Project("{9A19103F-16F7-4668-BE54-9A1E7A4F7556}") = "TestAddUser3", "TestAddUser3\TestAddUser3.csproj", "{44B82A71-7779-40AF-A20F-0D593FFCB301}"
EndProject
Project("{9A19103F-16F7-4668-BE54-9A1E7A4F7556}") = "XUnitTestProject1", "XUnitTestProject1\XUnitTestProject1.csproj", "{740400BC-A2B4-4FB1-B142-2CD1C8F3E43E}"
EndProject
Global
	GlobalSection(SolutionConfigurationPlatforms) = preSolution
		Debug|Any CPU = Debug|Any CPU
		Release|Any CPU = Release|Any CPU
	EndGlobalSection
	GlobalSection(ProjectConfigurationPlatforms) = postSolution
		{44B82A71-7779-40AF-A20F-0D593FFCB301}.Debug|Any CPU.ActiveCfg = Debug|Any CPU
		{44B82A71-7779-40AF-A20F-0D593FFCB301}.Debug|Any CPU.Build.0 = Debug|Any CPU
		{44B82A71-7779-40AF-A20F-0D593FFCB301}.Release|Any CPU.ActiveCfg = Release|Any CPU
		{44B82A71-7779-40AF-A20F-0D593FFCB301}.Release|Any CPU.Build.0 = Release|Any CPU
		{740400BC-A2B4-4FB1-B142-2CD1C8F3E43E}.Debug|Any CPU.ActiveCfg = Debug|Any CPU
		{740400BC-A2B4-4FB1-B142-2CD1C8F3E43E}.Debug|Any CPU.Build.0 = Debug|Any CPU
		{740400BC-A2B4-4FB1-B142-2CD1C8F3E43E}.Release|Any CPU.ActiveCfg = Release|Any CPU
		{740400BC-A2B4-4FB1-B142-2CD1C8F3E43E}.Release|Any CPU.Build.0 = Release|Any CPU
	EndGlobalSection
	GlobalSection(SolutionProperties) = preSolution
		HideSolutionNode = FALSE
	EndGlobalSection
	GlobalSection(ExtensibilityGlobals) = postSolution
		SolutionGuid = {6EE4BCA3-BDB3-48A7-B754-2E260ADDFE37}
	EndGlobalSection
EndGlobal
